// !$*UTF8*$!
{
	archiveVersion = 1;
	classes = {
	};
	objectVersion = 46;
	objects = {

/* Begin PBXBuildFile section */
		B5DCDAD01E2BA7F200862BE8 /* AppDelegate.swift in Sources */ = {isa = PBXBuildFile; fileRef = B5DCDACF1E2BA7F200862BE8 /* AppDelegate.swift */; };
		B5DCDAD51E2BA7F200862BE8 /* Main.storyboard in Resources */ = {isa = PBXBuildFile; fileRef = B5DCDAD31E2BA7F200862BE8 /* Main.storyboard */; };
		B5DCDAD71E2BA7F200862BE8 /* Assets.xcassets in Resources */ = {isa = PBXBuildFile; fileRef = B5DCDAD61E2BA7F200862BE8 /* Assets.xcassets */; };
		B5DCDADA1E2BA7F200862BE8 /* LaunchScreen.storyboard in Resources */ = {isa = PBXBuildFile; fileRef = B5DCDAD81E2BA7F200862BE8 /* LaunchScreen.storyboard */; };
		B5DCDAE91E2BA81E00862BE8 /* DropDownTableViewController.swift in Sources */ = {isa = PBXBuildFile; fileRef = B5DCDAE41E2BA81E00862BE8 /* DropDownTableViewController.swift */; };
		B5DCDAEA1E2BA81E00862BE8 /* DropDownTableViewDataSource.swift in Sources */ = {isa = PBXBuildFile; fileRef = B5DCDAE51E2BA81E00862BE8 /* DropDownTableViewDataSource.swift */; };
		B5DCDAEB1E2BA81E00862BE8 /* DropDownTableViewDelegate.swift in Sources */ = {isa = PBXBuildFile; fileRef = B5DCDAE61E2BA81E00862BE8 /* DropDownTableViewDelegate.swift */; };
		B5DCDAEC1E2BA81E00862BE8 /* IndexPath+DropDown.swift in Sources */ = {isa = PBXBuildFile; fileRef = B5DCDAE71E2BA81E00862BE8 /* IndexPath+DropDown.swift */; };
		B5DCDAED1E2BA81E00862BE8 /* UITableView+DropDown.swift in Sources */ = {isa = PBXBuildFile; fileRef = B5DCDAE81E2BA81E00862BE8 /* UITableView+DropDown.swift */; };
		B5DCDAF21E2BA87200862BE8 /* AnotherTestController.swift in Sources */ = {isa = PBXBuildFile; fileRef = B5DCDAEE1E2BA87200862BE8 /* AnotherTestController.swift */; };
		B5DCDAF31E2BA87200862BE8 /* TableViewController.swift in Sources */ = {isa = PBXBuildFile; fileRef = B5DCDAEF1E2BA87200862BE8 /* TableViewController.swift */; };
		B5DCDAF41E2BA87200862BE8 /* TestViewController.swift in Sources */ = {isa = PBXBuildFile; fileRef = B5DCDAF01E2BA87200862BE8 /* TestViewController.swift */; };
		B5DCDAF51E2BA87200862BE8 /* UIAlertController+TextField.swift in Sources */ = {isa = PBXBuildFile; fileRef = B5DCDAF11E2BA87200862BE8 /* UIAlertController+TextField.swift */; };
/* End PBXBuildFile section */

/* Begin PBXFileReference section */
		B5DCDACC1E2BA7F200862BE8 /* DropDownTableViewSwift.app */ = {isa = PBXFileReference; explicitFileType = wrapper.application; includeInIndex = 0; path = DropDownTableViewSwift.app; sourceTree = BUILT_PRODUCTS_DIR; };
		B5DCDACF1E2BA7F200862BE8 /* AppDelegate.swift */ = {isa = PBXFileReference; lastKnownFileType = sourcecode.swift; path = AppDelegate.swift; sourceTree = "<group>"; };
		B5DCDAD41E2BA7F200862BE8 /* Base */ = {isa = PBXFileReference; lastKnownFileType = file.storyboard; name = Base; path = Base.lproj/Main.storyboard; sourceTree = "<group>"; };
		B5DCDAD61E2BA7F200862BE8 /* Assets.xcassets */ = {isa = PBXFileReference; lastKnownFileType = folder.assetcatalog; path = Assets.xcassets; sourceTree = "<group>"; };
		B5DCDAD91E2BA7F200862BE8 /* Base */ = {isa = PBXFileReference; lastKnownFileType = file.storyboard; name = Base; path = Base.lproj/LaunchScreen.storyboard; sourceTree = "<group>"; };
		B5DCDADB1E2BA7F300862BE8 /* Info.plist */ = {isa = PBXFileReference; lastKnownFileType = text.plist.xml; path = Info.plist; sourceTree = "<group>"; };
		B5DCDAE41E2BA81E00862BE8 /* DropDownTableViewController.swift */ = {isa = PBXFileReference; fileEncoding = 4; lastKnownFileType = sourcecode.swift; path = DropDownTableViewController.swift; sourceTree = "<group>"; };
		B5DCDAE51E2BA81E00862BE8 /* DropDownTableViewDataSource.swift */ = {isa = PBXFileReference; fileEncoding = 4; lastKnownFileType = sourcecode.swift; path = DropDownTableViewDataSource.swift; sourceTree = "<group>"; };
		B5DCDAE61E2BA81E00862BE8 /* DropDownTableViewDelegate.swift */ = {isa = PBXFileReference; fileEncoding = 4; lastKnownFileType = sourcecode.swift; path = DropDownTableViewDelegate.swift; sourceTree = "<group>"; };
		B5DCDAE71E2BA81E00862BE8 /* IndexPath+DropDown.swift */ = {isa = PBXFileReference; fileEncoding = 4; lastKnownFileType = sourcecode.swift; path = "IndexPath+DropDown.swift"; sourceTree = "<group>"; };
		B5DCDAE81E2BA81E00862BE8 /* UITableView+DropDown.swift */ = {isa = PBXFileReference; fileEncoding = 4; lastKnownFileType = sourcecode.swift; path = "UITableView+DropDown.swift"; sourceTree = "<group>"; };
		B5DCDAEE1E2BA87200862BE8 /* AnotherTestController.swift */ = {isa = PBXFileReference; fileEncoding = 4; lastKnownFileType = sourcecode.swift; path = AnotherTestController.swift; sourceTree = "<group>"; };
		B5DCDAEF1E2BA87200862BE8 /* TableViewController.swift */ = {isa = PBXFileReference; fileEncoding = 4; lastKnownFileType = sourcecode.swift; path = TableViewController.swift; sourceTree = "<group>"; };
		B5DCDAF01E2BA87200862BE8 /* TestViewController.swift */ = {isa = PBXFileReference; fileEncoding = 4; lastKnownFileType = sourcecode.swift; path = TestViewController.swift; sourceTree = "<group>"; };
		B5DCDAF11E2BA87200862BE8 /* UIAlertController+TextField.swift */ = {isa = PBXFileReference; fileEncoding = 4; lastKnownFileType = sourcecode.swift; path = "UIAlertController+TextField.swift"; sourceTree = "<group>"; };
/* End PBXFileReference section */

/* Begin PBXFrameworksBuildPhase section */
		B5DCDAC91E2BA7F200862BE8 /* Frameworks */ = {
			isa = PBXFrameworksBuildPhase;
			buildActionMask = 2147483647;
			files = (
			);
			runOnlyForDeploymentPostprocessing = 0;
		};
/* End PBXFrameworksBuildPhase section */

/* Begin PBXGroup section */
		B5DCDAC31E2BA7F100862BE8 = {
			isa = PBXGroup;
			children = (
				B5DCDAE11E2BA81E00862BE8 /* Source */,
				B5DCDACE1E2BA7F200862BE8 /* DropDownTableViewSwift */,
				B5DCDACD1E2BA7F200862BE8 /* Products */,
			);
			sourceTree = "<group>";
		};
		B5DCDACD1E2BA7F200862BE8 /* Products */ = {
			isa = PBXGroup;
			children = (
				B5DCDACC1E2BA7F200862BE8 /* DropDownTableViewSwift.app */,
			);
			name = Products;
			sourceTree = "<group>";
		};
		B5DCDACE1E2BA7F200862BE8 /* DropDownTableViewSwift */ = {
			isa = PBXGroup;
			children = (
				B5DCDACF1E2BA7F200862BE8 /* AppDelegate.swift */,
				B5DCDAEE1E2BA87200862BE8 /* AnotherTestController.swift */,
				B5DCDAEF1E2BA87200862BE8 /* TableViewController.swift */,
				B5DCDAF01E2BA87200862BE8 /* TestViewController.swift */,
				B5DCDAF11E2BA87200862BE8 /* UIAlertController+TextField.swift */,
				B5DCDAD31E2BA7F200862BE8 /* Main.storyboard */,
				B5DCDAD61E2BA7F200862BE8 /* Assets.xcassets */,
				B5DCDAD81E2BA7F200862BE8 /* LaunchScreen.storyboard */,
				B5DCDADB1E2BA7F300862BE8 /* Info.plist */,
			);
			path = DropDownTableViewSwift;
			sourceTree = "<group>";
		};
		B5DCDAE11E2BA81E00862BE8 /* Source */ = {
			isa = PBXGroup;
			children = (
				B5DCDAE31E2BA81E00862BE8 /* Swift */,
			);
			name = Source;
			path = ../Source;
			sourceTree = "<group>";
		};
		B5DCDAE31E2BA81E00862BE8 /* Swift */ = {
			isa = PBXGroup;
			children = (
				B5DCDAE41E2BA81E00862BE8 /* DropDownTableViewController.swift */,
				B5DCDAE51E2BA81E00862BE8 /* DropDownTableViewDataSource.swift */,
				B5DCDAE61E2BA81E00862BE8 /* DropDownTableViewDelegate.swift */,
				B5DCDAE71E2BA81E00862BE8 /* IndexPath+DropDown.swift */,
				B5DCDAE81E2BA81E00862BE8 /* UITableView+DropDown.swift */,
			);
			path = Swift;
			sourceTree = "<group>";
		};
/* End PBXGroup section */

/* Begin PBXNativeTarget section */
		B5DCDACB1E2BA7F200862BE8 /* DropDownTableViewSwift */ = {
			isa = PBXNativeTarget;
			buildConfigurationList = B5DCDADE1E2BA7F300862BE8 /* Build configuration list for PBXNativeTarget "DropDownTableViewSwift" */;
			buildPhases = (
				B5DCDAC81E2BA7F200862BE8 /* Sources */,
				B5DCDAC91E2BA7F200862BE8 /* Frameworks */,
				B5DCDACA1E2BA7F200862BE8 /* Resources */,
			);
			buildRules = (
			);
			dependencies = (
			);
			name = DropDownTableViewSwift;
			productName = DropDownTableViewSwift;
			productReference = B5DCDACC1E2BA7F200862BE8 /* DropDownTableViewSwift.app */;
			productType = "com.apple.product-type.application";
		};
/* End PBXNativeTarget section */

/* Begin PBXProject section */
		B5DCDAC41E2BA7F200862BE8 /* Project object */ = {
			isa = PBXProject;
			attributes = {
				LastSwiftUpdateCheck = 0820;
				LastUpgradeCheck = 0900;
				ORGANIZATIONNAME = NSSimpleApps;
				TargetAttributes = {
					B5DCDACB1E2BA7F200862BE8 = {
						CreatedOnToolsVersion = 8.2.1;
						LastSwiftMigration = 0900;
						ProvisioningStyle = Automatic;
					};
				};
			};
			buildConfigurationList = B5DCDAC71E2BA7F200862BE8 /* Build configuration list for PBXProject "DropDownTableViewSwift" */;
			compatibilityVersion = "Xcode 3.2";
			developmentRegion = English;
			hasScannedForEncodings = 0;
			knownRegions = (
				en,
				Base,
			);
			mainGroup = B5DCDAC31E2BA7F100862BE8;
			productRefGroup = B5DCDACD1E2BA7F200862BE8 /* Products */;
			projectDirPath = "";
			projectRoot = "";
			targets = (
				B5DCDACB1E2BA7F200862BE8 /* DropDownTableViewSwift */,
			);
		};
/* End PBXProject section */

/* Begin PBXResourcesBuildPhase section */
		B5DCDACA1E2BA7F200862BE8 /* Resources */ = {
			isa = PBXResourcesBuildPhase;
			buildActionMask = 2147483647;
			files = (
				B5DCDADA1E2BA7F200862BE8 /* LaunchScreen.storyboard in Resources */,
				B5DCDAD71E2BA7F200862BE8 /* Assets.xcassets in Resources */,
				B5DCDAD51E2BA7F200862BE8 /* Main.storyboard in Resources */,
			);
			runOnlyForDeploymentPostprocessing = 0;
		};
/* End PBXResourcesBuildPhase section */

/* Begin PBXSourcesBuildPhase section */
		B5DCDAC81E2BA7F200862BE8 /* Sources */ = {
			isa = PBXSourcesBuildPhase;
			buildActionMask = 2147483647;
			files = (
				B5DCDAF41E2BA87200862BE8 /* TestViewController.swift in Sources */,
				B5DCDAE91E2BA81E00862BE8 /* DropDownTableViewController.swift in Sources */,
				B5DCDAEA1E2BA81E00862BE8 /* DropDownTableViewDataSource.swift in Sources */,
				B5DCDAEC1E2BA81E00862BE8 /* IndexPath+DropDown.swift in Sources */,
				B5DCDAF21E2BA87200862BE8 /* AnotherTestController.swift in Sources */,
				B5DCDAED1E2BA81E00862BE8 /* UITableView+DropDown.swift in Sources */,
				B5DCDAEB1E2BA81E00862BE8 /* DropDownTableViewDelegate.swift in Sources */,
				B5DCDAF31E2BA87200862BE8 /* TableViewController.swift in Sources */,
				B5DCDAD01E2BA7F200862BE8 /* AppDelegate.swift in Sources */,
				B5DCDAF51E2BA87200862BE8 /* UIAlertController+TextField.swift in Sources */,
			);
			runOnlyForDeploymentPostprocessing = 0;
		};
/* End PBXSourcesBuildPhase section */

/* Begin PBXVariantGroup section */
		B5DCDAD31E2BA7F200862BE8 /* Main.storyboard */ = {
			isa = PBXVariantGroup;
			children = (
				B5DCDAD41E2BA7F200862BE8 /* Base */,
			);
			name = Main.storyboard;
			sourceTree = "<group>";
		};
		B5DCDAD81E2BA7F200862BE8 /* LaunchScreen.storyboard */ = {
			isa = PBXVariantGroup;
			children = (
				B5DCDAD91E2BA7F200862BE8 /* Base */,
			);
			name = LaunchScreen.storyboard;
			sourceTree = "<group>";
		};
/* End PBXVariantGroup section */

/* Begin XCBuildConfiguration section */
		B5DCDADC1E2BA7F300862BE8 /* Debug */ = {
			isa = XCBuildConfiguration;
			buildSettings = {
				ALWAYS_SEARCH_USER_PATHS = NO;
				CLANG_ANALYZER_NONNULL = YES;
				CLANG_CXX_LANGUAGE_STANDARD = "gnu++0x";
				CLANG_CXX_LIBRARY = "libc++";
				CLANG_ENABLE_MODULES = YES;
				CLANG_ENABLE_OBJC_ARC = YES;
				CLANG_WARN_BLOCK_CAPTURE_AUTORELEASING = YES;
				CLANG_WARN_BOOL_CONVERSION = YES;
				CLANG_WARN_COMMA = YES;
				CLANG_WARN_CONSTANT_CONVERSION = YES;
				CLANG_WARN_DIRECT_OBJC_ISA_USAGE = YES_ERROR;
				CLANG_WARN_DOCUMENTATION_COMMENTS = YES;
				CLANG_WARN_EMPTY_BODY = YES;
				CLANG_WARN_ENUM_CONVERSION = YES;
				CLANG_WARN_INFINITE_RECURSION = YES;
				CLANG_WARN_INT_CONVERSION = YES;
				CLANG_WARN_NON_LITERAL_NULL_CONVERSION = YES;
				CLANG_WARN_OBJC_LITERAL_CONVERSION = YES;
				CLANG_WARN_OBJC_ROOT_CLASS = YES_ERROR;
				CLANG_WARN_RANGE_LOOP_ANALYSIS = YES;
				CLANG_WARN_STRICT_PROTOTYPES = YES;
				CLANG_WARN_SUSPICIOUS_MOVE = YES;
				CLANG_WARN_UNREACHABLE_CODE = YES;
				CLANG_WARN__DUPLICATE_METHOD_MATCH = YES;
				"CODE_SIGN_IDENTITY[sdk=iphoneos*]" = "iPhone Developer";
				COPY_PHASE_STRIP = NO;
				DEBUG_INFORMATION_FORMAT = dwarf;
				ENABLE_STRICT_OBJC_MSGSEND = YES;
				ENABLE_TESTABILITY = YES;
				GCC_C_LANGUAGE_STANDARD = gnu99;
				GCC_DYNAMIC_NO_PIC = NO;
				GCC_NO_COMMON_BLOCKS = YES;
				GCC_OPTIMIZATION_LEVEL = 0;
				GCC_PREPROCESSOR_DEFINITIONS = (
					"DEBUG=1",
					"$(inherited)",
				);
				GCC_WARN_64_TO_32_BIT_CONVERSION = YES;
				GCC_WARN_ABOUT_RETURN_TYPE = YES_ERROR;
				GCC_WARN_UNDECLARED_SELECTOR = YES;
				GCC_WARN_UNINITIALIZED_AUTOS = YES_AGGRESSIVE;
				GCC_WARN_UNUSED_FUNCTION = YES;
				GCC_WARN_UNUSED_VARIABLE = YES;
				IPHONEOS_DEPLOYMENT_TARGET = 10.2;
				MTL_ENABLE_DEBUG_INFO = YES;
				ONLY_ACTIVE_ARCH = YES;
				SDKROOT = iphoneos;
				SWIFT_ACTIVE_COMPILATION_CONDITIONS = DEBUG;
				SWIFT_OPTIMIZATION_LEVEL = "-Onone";
				SWIFT_VERSION = 4.0;
				TARGETED_DEVICE_FAMILY = "1,2";
			};
			name = Debug;
		};
		B5DCDADD1E2BA7F300862BE8 /* Release */ = {
			isa = XCBuildConfiguration;
			buildSettings = {
				ALWAYS_SEARCH_USER_PATHS = NO;
				CLANG_ANALYZER_NONNULL = YES;
				CLANG_CXX_LANGUAGE_STANDARD = "gnu++0x";
				CLANG_CXX_LIBRARY = "libc++";
				CLANG_ENABLE_MODULES = YES;
				CLANG_ENABLE_OBJC_ARC = YES;
				CLANG_WARN_BLOCK_CAPTURE_AUTORELEASING = YES;
				CLANG_WARN_BOOL_CONVERSION = YES;
				CLANG_WARN_COMMA = YES;
				CLANG_WARN_CONSTANT_CONVERSION = YES;
				CLANG_WARN_DIRECT_OBJC_ISA_USAGE = YES_ERROR;
				CLANG_WARN_DOCUMENTATION_COMMENTS = YES;
				CLANG_WARN_EMPTY_BODY = YES;
				CLANG_WARN_ENUM_CONVERSION = YES;
				CLANG_WARN_INFINITE_RECURSION = YES;
				CLANG_WARN_INT_CONVERSION = YES;
				CLANG_WARN_NON_LITERAL_NULL_CONVERSION = YES;
				CLANG_WARN_OBJC_LITERAL_CONVERSION = YES;
				CLANG_WARN_OBJC_ROOT_CLASS = YES_ERROR;
				CLANG_WARN_RANGE_LOOP_ANALYSIS = YES;
				CLANG_WARN_STRICT_PROTOTYPES = YES;
				CLANG_WARN_SUSPICIOUS_MOVE = YES;
				CLANG_WARN_UNREACHABLE_CODE = YES;
				CLANG_WARN__DUPLICATE_METHOD_MATCH = YES;
				"CODE_SIGN_IDENTITY[sdk=iphoneos*]" = "iPhone Developer";
				COPY_PHASE_STRIP = NO;
				DEBUG_INFORMATION_FORMAT = "dwarf-with-dsym";
				ENABLE_NS_ASSERTIONS = NO;
				ENABLE_STRICT_OBJC_MSGSEND = YES;
				GCC_C_LANGUAGE_STANDARD = gnu99;
				GCC_NO_COMMON_BLOCKS = YES;
				GCC_WARN_64_TO_32_BIT_CONVERSION = YES;
				GCC_WARN_ABOUT_RETURN_TYPE = YES_ERROR;
				GCC_WARN_UNDECLARED_SELECTOR = YES;
				GCC_WARN_UNINITIALIZED_AUTOS = YES_AGGRESSIVE;
				GCC_WARN_UNUSED_FUNCTION = YES;
				GCC_WARN_UNUSED_VARIABLE = YES;
				IPHONEOS_DEPLOYMENT_TARGET = 10.2;
				MTL_ENABLE_DEBUG_INFO = NO;
				SDKROOT = iphoneos;
				SWIFT_OPTIMIZATION_LEVEL = "-Owholemodule";
				SWIFT_VERSION = 4.0;
				TARGETED_DEVICE_FAMILY = "1,2";
				VALIDATE_PRODUCT = YES;
			};
			name = Release;
		};
		B5DCDADF1E2BA7F300862BE8 /* Debug */ = {
			isa = XCBuildConfiguration;
			buildSettings = {
				ASSETCATALOG_COMPILER_APPICON_NAME = AppIcon;
				INFOPLIST_FILE = DropDownTableViewSwift/Info.plist;
				LD_RUNPATH_SEARCH_PATHS = "$(inherited) @executable_path/Frameworks";
				PRODUCT_BUNDLE_IDENTIFIER = NSSimpleApps.DropDownTableViewSwift;
				PRODUCT_NAME = "$(TARGET_NAME)";
				SWIFT_SWIFT3_OBJC_INFERENCE = On;
				SWIFT_VERSION = 4.0;
			};
			name = Debug;
		};
		B5DCDAE01E2BA7F300862BE8 /* Release */ = {
			isa = XCBuildConfiguration;
			buildSettings = {
				ASSETCATALOG_COMPILER_APPICON_NAME = AppIcon;
				INFOPLIST_FILE = DropDownTableViewSwift/Info.plist;
				LD_RUNPATH_SEARCH_PATHS = "$(inherited) @executable_path/Frameworks";
				PRODUCT_BUNDLE_IDENTIFIER = NSSimpleApps.DropDownTableViewSwift;
				PRODUCT_NAME = "$(TARGET_NAME)";
				SWIFT_SWIFT3_OBJC_INFERENCE = On;
				SWIFT_VERSION = 4.0;
			};
			name = Release;
		};
/* End XCBuildConfiguration section */

/* Begin XCConfigurationList section */
		B5DCDAC71E2BA7F200862BE8 /* Build configuration list for PBXProject "DropDownTableViewSwift" */ = {
			isa = XCConfigurationList;
			buildConfigurations = (
				B5DCDADC1E2BA7F300862BE8 /* Debug */,
				B5DCDADD1E2BA7F300862BE8 /* Release */,
			);
			defaultConfigurationIsVisible = 0;
			defaultConfigurationName = Release;
		};
		B5DCDADE1E2BA7F300862BE8 /* Build configuration list for PBXNativeTarget "DropDownTableViewSwift" */ = {
			isa = XCConfigurationList;
			buildConfigurations = (
				B5DCDADF1E2BA7F300862BE8 /* Debug */,
				B5DCDAE01E2BA7F300862BE8 /* Release */,
			);
			defaultConfigurationIsVisible = 0;
			defaultConfigurationName = Release;
		};
/* End XCConfigurationList section */
	};
	rootObject = B5DCDAC41E2BA7F200862BE8 /* Project object */;
}
